<?xml version="1.0" encoding="utf-8"?>
<Project ToolsVersion="17.0" xmlns="http://schemas.microsoft.com/developer/msbuild/2003">
  <ItemGroup>
    <CustomBuild Include="D:\QuantEngine-Cpp\build_cmd\CMakeFiles\5bf7616b4f010abbf580dd1bcb89d19b\generate.stamp.rule">
      <Filter>CMake Rules</Filter>
    </CustomBuild>
  </ItemGroup>
  <ItemGroup>
    <Filter Include="CMake Rules">
      <UniqueIdentifier>{62F99D9A-4EFE-33E0-AE63-C954654E3485}</UniqueIdentifier>
    </Filter>
  </ItemGroup>
</Project>
